
Microsoft Visual Studio Solution File, Format Version 12.00
# Visual Studio Version 17
VisualStudioVersion = 17.7.34031.279
MinimumVisualStudioVersion = 10.0.40219.1
Project("{FAE04EC0-301F-11D3-BF4B-00C04F79EFBC}") = "PersonsInfo", "PersonsInfo\PersonsInfo.csproj", "{5F7ABEC3-24AF-47D5-956D-9B5F166A201E}"
EndProject
Global
	GlobalSection(SolutionConfigurationPlatforms) = preSolution
		Debug|Any CPU = Debug|Any CPU
		Release|Any CPU = Release|Any CPU
	EndGlobalSection
	GlobalSection(ProjectConfigurationPlatforms) = postSolution
		{5F7ABEC3-24AF-47D5-956D-9B5F166A201E}.Debug|Any CPU.ActiveCfg = Debug|Any CPU
		{5F7ABEC3-24AF-47D5-956D-9B5F166A201E}.Debug|Any CPU.Build.0 = Debug|Any CPU
		{5F7ABEC3-24AF-47D5-956D-9B5F166A201E}.Release|Any CPU.ActiveCfg = Release|Any CPU
		{5F7ABEC3-24AF-47D5-956D-9B5F166A201E}.Release|Any CPU.Build.0 = Release|Any CPU
	EndGlobalSection
	GlobalSection(SolutionProperties) = preSolution
		HideSolutionNode = FALSE
	EndGlobalSection
	GlobalSection(ExtensibilityGlobals) = postSolution
		SolutionGuid = {86138481-5DBA-4FCA-B7E0-90B52A2BD3BA}
	EndGlobalSection
EndGlobal
